dependencies:
  espressif/esp-zboss-lib:
    component_hash: dad55dcf4e9e05892d75c833f621d0421b6b6657c5078fd9cfb2da9a496f9a91
    source:
      service_url: https://api.components.espressif.com/
      type: service
    version: 1.2.1
  espressif/esp-zigbee-lib:
    component_hash: 3485a92e8eddeb47dc80ab14e771ea7ae70cdfe72ce1c11216c7df51e4774b2e
    source:
      service_url: https://api.components.espressif.com/
      type: service
    version: 1.2.1
  idf:
    component_hash: null
    source:
      type: idf
    version: 5.3.0
manifest_hash: 8276ed96bfb1e519ae781d61e35cab6c655cc52e9342b31bc1b8c9ff0e59cf80
target: esp32h2
version: 1.0.0
